
Microsoft Visual Studio Solution File, Format Version 12.00
# Visual Studio 2012
Project("{FAE04EC0-301F-11D3-BF4B-00C04F79EFBC}") = "HelloWorld", "HelloWorld\HelloWorld.csproj", "{BD6A6EEF-AC0F-4CD6-8616-F43F8C5BA33E}"
EndProject
Global
	GlobalSection(SolutionConfigurationPlatforms) = preSolution
		Debug|Any CPU = Debug|Any CPU
		Release|Any CPU = Release|Any CPU
	EndGlobalSection
	GlobalSection(ProjectConfigurationPlatforms) = postSolution
		{BD6A6EEF-AC0F-4CD6-8616-F43F8C5BA33E}.Debug|Any CPU.ActiveCfg = Debug|Any CPU
		{BD6A6EEF-AC0F-4CD6-8616-F43F8C5BA33E}.Debug|Any CPU.Build.0 = Debug|Any CPU
		{BD6A6EEF-AC0F-4CD6-8616-F43F8C5BA33E}.Release|Any CPU.ActiveCfg = Release|Any CPU
		{BD6A6EEF-AC0F-4CD6-8616-F43F8C5BA33E}.Release|Any CPU.Build.0 = Release|Any CPU
	EndGlobalSection
	GlobalSection(SolutionProperties) = preSolution
		HideSolutionNode = FALSE
	EndGlobalSection
EndGlobal
